
Microsoft Visual Studio Solution File, Format Version 12.00
# Visual Studio Version 17
VisualStudioVersion = 17.5.33414.496
MinimumVisualStudioVersion = 10.0.40219.1
Project("{FAE04EC0-301F-11D3-BF4B-00C04F79EFBC}") = "CMAH.AppMVC", "CMAH\CMAH.AppMVC.csproj", "{236A8751-2FC6-4263-99E3-F770B5AF3368}"
EndProject
Global
	GlobalSection(SolutionConfigurationPlatforms) = preSolution
		Debug|Any CPU = Debug|Any CPU
		Release|Any CPU = Release|Any CPU
	EndGlobalSection
	GlobalSection(ProjectConfigurationPlatforms) = postSolution
		{236A8751-2FC6-4263-99E3-F770B5AF3368}.Debug|Any CPU.ActiveCfg = Debug|Any CPU
		{236A8751-2FC6-4263-99E3-F770B5AF3368}.Debug|Any CPU.Build.0 = Debug|Any CPU
		{236A8751-2FC6-4263-99E3-F770B5AF3368}.Release|Any CPU.ActiveCfg = Release|Any CPU
		{236A8751-2FC6-4263-99E3-F770B5AF3368}.Release|Any CPU.Build.0 = Release|Any CPU
	EndGlobalSection
	GlobalSection(SolutionProperties) = preSolution
		HideSolutionNode = FALSE
	EndGlobalSection
	GlobalSection(ExtensibilityGlobals) = postSolution
		SolutionGuid = {8A46A905-7F6D-402D-9E44-AECCA5920689}
	EndGlobalSection
EndGlobal
